
Microsoft Visual Studio Solution File, Format Version 12.00
# Visual Studio Version 17
VisualStudioVersion = 17.9.34728.123
MinimumVisualStudioVersion = 10.0.40219.1
Project("{FAE04EC0-301F-11D3-BF4B-00C04F79EFBC}") = "Session3", "Session3\Session3.csproj", "{6C849210-CED2-48BC-A4AD-CD4C8493FFAA}"
EndProject
Global
	GlobalSection(SolutionConfigurationPlatforms) = preSolution
		Debug|Any CPU = Debug|Any CPU
		Release|Any CPU = Release|Any CPU
	EndGlobalSection
	GlobalSection(ProjectConfigurationPlatforms) = postSolution
		{6C849210-CED2-48BC-A4AD-CD4C8493FFAA}.Debug|Any CPU.ActiveCfg = Debug|Any CPU
		{6C849210-CED2-48BC-A4AD-CD4C8493FFAA}.Debug|Any CPU.Build.0 = Debug|Any CPU
		{6C849210-CED2-48BC-A4AD-CD4C8493FFAA}.Release|Any CPU.ActiveCfg = Release|Any CPU
		{6C849210-CED2-48BC-A4AD-CD4C8493FFAA}.Release|Any CPU.Build.0 = Release|Any CPU
	EndGlobalSection
	GlobalSection(SolutionProperties) = preSolution
		HideSolutionNode = FALSE
	EndGlobalSection
	GlobalSection(ExtensibilityGlobals) = postSolution
		SolutionGuid = {BDE8D1C7-2152-4903-813B-34258AE1F0A5}
	EndGlobalSection
EndGlobal
